
Microsoft Visual Studio Solution File, Format Version 12.00
# Visual Studio Version 16
VisualStudioVersion = 16.0.30204.135
MinimumVisualStudioVersion = 10.0.40219.1
Project("{FAE04EC0-301F-11D3-BF4B-00C04F79EFBC}") = "ImageProcessing", "ImageProcessing\ImageProcessing.csproj", "{6B90D7A0-43DE-4776-829D-F89A3B62F997}"
EndProject
Project("{FAE04EC0-301F-11D3-BF4B-00C04F79EFBC}") = "ImageProcessing.Console", "ImageProcessing.Console\ImageProcessing.Console.csproj", "{E4622F7B-FCE4-42AF-A7BC-05A40D137003}"
EndProject
Global
	GlobalSection(SolutionConfigurationPlatforms) = preSolution
		Debug|Any CPU = Debug|Any CPU
		Release|Any CPU = Release|Any CPU
	EndGlobalSection
	GlobalSection(ProjectConfigurationPlatforms) = postSolution
		{6B90D7A0-43DE-4776-829D-F89A3B62F997}.Debug|Any CPU.ActiveCfg = Debug|Any CPU
		{6B90D7A0-43DE-4776-829D-F89A3B62F997}.Debug|Any CPU.Build.0 = Debug|Any CPU
		{6B90D7A0-43DE-4776-829D-F89A3B62F997}.Release|Any CPU.ActiveCfg = Release|Any CPU
		{6B90D7A0-43DE-4776-829D-F89A3B62F997}.Release|Any CPU.Build.0 = Release|Any CPU
		{E4622F7B-FCE4-42AF-A7BC-05A40D137003}.Debug|Any CPU.ActiveCfg = Debug|Any CPU
		{E4622F7B-FCE4-42AF-A7BC-05A40D137003}.Debug|Any CPU.Build.0 = Debug|Any CPU
		{E4622F7B-FCE4-42AF-A7BC-05A40D137003}.Release|Any CPU.ActiveCfg = Release|Any CPU
		{E4622F7B-FCE4-42AF-A7BC-05A40D137003}.Release|Any CPU.Build.0 = Release|Any CPU
	EndGlobalSection
	GlobalSection(SolutionProperties) = preSolution
		HideSolutionNode = FALSE
	EndGlobalSection
	GlobalSection(ExtensibilityGlobals) = postSolution
		SolutionGuid = {7A23E40D-FB12-41C9-9673-E9DF4B3664CD}
	EndGlobalSection
EndGlobal
